
Microsoft Visual Studio Solution File, Format Version 12.00
# Visual Studio Version 17
VisualStudioVersion = 17.3.32901.215
MinimumVisualStudioVersion = 10.0.40219.1
Project("{FAE04EC0-301F-11D3-BF4B-00C04F79EFBC}") = "Exec2_Star", "Exec2_Star\Exec2_Star.csproj", "{11095F76-E379-40F2-82E7-B55B93DE598A}"
EndProject
Global
	GlobalSection(SolutionConfigurationPlatforms) = preSolution
		Debug|Any CPU = Debug|Any CPU
		Release|Any CPU = Release|Any CPU
	EndGlobalSection
	GlobalSection(ProjectConfigurationPlatforms) = postSolution
		{11095F76-E379-40F2-82E7-B55B93DE598A}.Debug|Any CPU.ActiveCfg = Debug|Any CPU
		{11095F76-E379-40F2-82E7-B55B93DE598A}.Debug|Any CPU.Build.0 = Debug|Any CPU
		{11095F76-E379-40F2-82E7-B55B93DE598A}.Release|Any CPU.ActiveCfg = Release|Any CPU
		{11095F76-E379-40F2-82E7-B55B93DE598A}.Release|Any CPU.Build.0 = Release|Any CPU
	EndGlobalSection
	GlobalSection(SolutionProperties) = preSolution
		HideSolutionNode = FALSE
	EndGlobalSection
	GlobalSection(ExtensibilityGlobals) = postSolution
		SolutionGuid = {A2DD8B88-6EC4-4A46-BCC2-E258D0BC5C1F}
	EndGlobalSection
EndGlobal
